// !$*UTF8*$!
{
	archiveVersion = 1;
	classes = {
	};
	objectVersion = 55;
	objects = {

/* Begin PBXBuildFile section */
		04784A2E27F11333004C2D83 /* SwiftUI_kavsoftApp.swift in Sources */ = {isa = PBXBuildFile; fileRef = 04784A2D27F11333004C2D83 /* SwiftUI_kavsoftApp.swift */; };
		04784A3027F11333004C2D83 /* ContentView.swift in Sources */ = {isa = PBXBuildFile; fileRef = 04784A2F27F11333004C2D83 /* ContentView.swift */; };
		04784A3227F11336004C2D83 /* Assets.xcassets in Resources */ = {isa = PBXBuildFile; fileRef = 04784A3127F11336004C2D83 /* Assets.xcassets */; };
		04784A3527F11336004C2D83 /* Preview Assets.xcassets in Resources */ = {isa = PBXBuildFile; fileRef = 04784A3427F11336004C2D83 /* Preview Assets.xcassets */; };
		04784A3D27F114F5004C2D83 /* 3DCardContentView.swift in Sources */ = {isa = PBXBuildFile; fileRef = 04784A3C27F114F5004C2D83 /* 3DCardContentView.swift */; };
		04784A4127F11565004C2D83 /* Album.swift in Sources */ = {isa = PBXBuildFile; fileRef = 04784A4027F11565004C2D83 /* Album.swift */; };
		04784A4327F116EA004C2D83 /* Home.swift in Sources */ = {isa = PBXBuildFile; fileRef = 04784A4227F116EA004C2D83 /* Home.swift */; };
/* End PBXBuildFile section */

/* Begin PBXFileReference section */
		04784A2A27F11333004C2D83 /* SwiftUI kavsoft.app */ = {isa = PBXFileReference; explicitFileType = wrapper.application; includeInIndex = 0; path = "SwiftUI kavsoft.app"; sourceTree = BUILT_PRODUCTS_DIR; };
		04784A2D27F11333004C2D83 /* SwiftUI_kavsoftApp.swift */ = {isa = PBXFileReference; lastKnownFileType = sourcecode.swift; path = SwiftUI_kavsoftApp.swift; sourceTree = "<group>"; };
		04784A2F27F11333004C2D83 /* ContentView.swift */ = {isa = PBXFileReference; lastKnownFileType = sourcecode.swift; path = ContentView.swift; sourceTree = "<group>"; };
		04784A3127F11336004C2D83 /* Assets.xcassets */ = {isa = PBXFileReference; lastKnownFileType = folder.assetcatalog; path = Assets.xcassets; sourceTree = "<group>"; };
		04784A3427F11336004C2D83 /* Preview Assets.xcassets */ = {isa = PBXFileReference; lastKnownFileType = folder.assetcatalog; path = "Preview Assets.xcassets"; sourceTree = "<group>"; };
		04784A3C27F114F5004C2D83 /* 3DCardContentView.swift */ = {isa = PBXFileReference; lastKnownFileType = sourcecode.swift; path = 3DCardContentView.swift; sourceTree = "<group>"; };
		04784A4027F11565004C2D83 /* Album.swift */ = {isa = PBXFileReference; lastKnownFileType = sourcecode.swift; path = Album.swift; sourceTree = "<group>"; };
		04784A4227F116EA004C2D83 /* Home.swift */ = {isa = PBXFileReference; lastKnownFileType = sourcecode.swift; path = Home.swift; sourceTree = "<group>"; };
/* End PBXFileReference section */

/* Begin PBXFrameworksBuildPhase section */
		04784A2727F11333004C2D83 /* Frameworks */ = {
			isa = PBXFrameworksBuildPhase;
			buildActionMask = 2147483647;
			files = (
			);
			runOnlyForDeploymentPostprocessing = 0;
		};
/* End PBXFrameworksBuildPhase section */

/* Begin PBXGroup section */
		04784A2127F11333004C2D83 = {
			isa = PBXGroup;
			children = (
				04784A2C27F11333004C2D83 /* SwiftUI kavsoft */,
				04784A2B27F11333004C2D83 /* Products */,
			);
			sourceTree = "<group>";
		};
		04784A2B27F11333004C2D83 /* Products */ = {
			isa = PBXGroup;
			children = (
				04784A2A27F11333004C2D83 /* SwiftUI kavsoft.app */,
			);
			name = Products;
			sourceTree = "<group>";
		};
		04784A2C27F11333004C2D83 /* SwiftUI kavsoft */ = {
			isa = PBXGroup;
			children = (
				04784A3B27F114D0004C2D83 /* 3DCard */,
				04784A2D27F11333004C2D83 /* SwiftUI_kavsoftApp.swift */,
				04784A2F27F11333004C2D83 /* ContentView.swift */,
				04784A3127F11336004C2D83 /* Assets.xcassets */,
				04784A3327F11336004C2D83 /* Preview Content */,
			);
			path = "SwiftUI kavsoft";
			sourceTree = "<group>";
		};
		04784A3327F11336004C2D83 /* Preview Content */ = {
			isa = PBXGroup;
			children = (
				04784A3427F11336004C2D83 /* Preview Assets.xcassets */,
			);
			path = "Preview Content";
			sourceTree = "<group>";
		};
		04784A3B27F114D0004C2D83 /* 3DCard */ = {
			isa = PBXGroup;
			children = (
				04784A3F27F11558004C2D83 /* Model */,
				04784A3E27F11545004C2D83 /* View */,
				04784A3C27F114F5004C2D83 /* 3DCardContentView.swift */,
			);
			path = 3DCard;
			sourceTree = "<group>";
		};
		04784A3E27F11545004C2D83 /* View */ = {
			isa = PBXGroup;
			children = (
				04784A4227F116EA004C2D83 /* Home.swift */,
			);
			path = View;
			sourceTree = "<group>";
		};
		04784A3F27F11558004C2D83 /* Model */ = {
			isa = PBXGroup;
			children = (
				04784A4027F11565004C2D83 /* Album.swift */,
			);
			path = Model;
			sourceTree = "<group>";
		};
/* End PBXGroup section */

/* Begin PBXNativeTarget section */
		04784A2927F11333004C2D83 /* SwiftUI kavsoft */ = {
			isa = PBXNativeTarget;
			buildConfigurationList = 04784A3827F11336004C2D83 /* Build configuration list for PBXNativeTarget "SwiftUI kavsoft" */;
			buildPhases = (
				04784A2627F11333004C2D83 /* Sources */,
				04784A2727F11333004C2D83 /* Frameworks */,
				04784A2827F11333004C2D83 /* Resources */,
			);
			buildRules = (
			);
			dependencies = (
			);
			name = "SwiftUI kavsoft";
			productName = "SwiftUI kavsoft";
			productReference = 04784A2A27F11333004C2D83 /* SwiftUI kavsoft.app */;
			productType = "com.apple.product-type.application";
		};
/* End PBXNativeTarget section */

/* Begin PBXProject section */
		04784A2227F11333004C2D83 /* Project object */ = {
			isa = PBXProject;
			attributes = {
				BuildIndependentTargetsInParallel = 1;
				LastSwiftUpdateCheck = 1330;
				LastUpgradeCheck = 1330;
				TargetAttributes = {
					04784A2927F11333004C2D83 = {
						CreatedOnToolsVersion = 13.3;
					};
				};
			};
			buildConfigurationList = 04784A2527F11333004C2D83 /* Build configuration list for PBXProject "SwiftUI kavsoft" */;
			compatibilityVersion = "Xcode 13.0";
			developmentRegion = en;
			hasScannedForEncodings = 0;
			knownRegions = (
				en,
				Base,
			);
			mainGroup = 04784A2127F11333004C2D83;
			productRefGroup = 04784A2B27F11333004C2D83 /* Products */;
			projectDirPath = "";
			projectRoot = "";
			targets = (
				04784A2927F11333004C2D83 /* SwiftUI kavsoft */,
			);
		};
/* End PBXProject section */

/* Begin PBXResourcesBuildPhase section */
		04784A2827F11333004C2D83 /* Resources */ = {
			isa = PBXResourcesBuildPhase;
			buildActionMask = 2147483647;
			files = (
				04784A3527F11336004C2D83 /* Preview Assets.xcassets in Resources */,
				04784A3227F11336004C2D83 /* Assets.xcassets in Resources */,
			);
			runOnlyForDeploymentPostprocessing = 0;
		};
/* End PBXResourcesBuildPhase section */

/* Begin PBXSourcesBuildPhase section */
		04784A2627F11333004C2D83 /* Sources */ = {
			isa = PBXSourcesBuildPhase;
			buildActionMask = 2147483647;
			files = (
				04784A3D27F114F5004C2D83 /* 3DCardContentView.swift in Sources */,
				04784A3027F11333004C2D83 /* ContentView.swift in Sources */,
				04784A4327F116EA004C2D83 /* Home.swift in Sources */,
				04784A2E27F11333004C2D83 /* SwiftUI_kavsoftApp.swift in Sources */,
				04784A4127F11565004C2D83 /* Album.swift in Sources */,
			);
			runOnlyForDeploymentPostprocessing = 0;
		};
/* End PBXSourcesBuildPhase section */

/* Begin XCBuildConfiguration section */
		04784A3627F11336004C2D83 /* Debug */ = {
			isa = XCBuildConfiguration;
			buildSettings = {
				ALWAYS_SEARCH_USER_PATHS = NO;
				CLANG_ANALYZER_NONNULL = YES;
				CLANG_ANALYZER_NUMBER_OBJECT_CONVERSION = YES_AGGRESSIVE;
				CLANG_CXX_LANGUAGE_STANDARD = "gnu++17";
				CLANG_ENABLE_MODULES = YES;
				CLANG_ENABLE_OBJC_ARC = YES;
				CLANG_ENABLE_OBJC_WEAK = YES;
				CLANG_WARN_BLOCK_CAPTURE_AUTORELEASING = YES;
				CLANG_WARN_BOOL_CONVERSION = YES;
				CLANG_WARN_COMMA = YES;
				CLANG_WARN_CONSTANT_CONVERSION = YES;
				CLANG_WARN_DEPRECATED_OBJC_IMPLEMENTATIONS = YES;
				CLANG_WARN_DIRECT_OBJC_ISA_USAGE = YES_ERROR;
				CLANG_WARN_DOCUMENTATION_COMMENTS = YES;
				CLANG_WARN_EMPTY_BODY = YES;
				CLANG_WARN_ENUM_CONVERSION = YES;
				CLANG_WARN_INFINITE_RECURSION = YES;
				CLANG_WARN_INT_CONVERSION = YES;
				CLANG_WARN_NON_LITERAL_NULL_CONVERSION = YES;
				CLANG_WARN_OBJC_IMPLICIT_RETAIN_SELF = YES;
				CLANG_WARN_OBJC_LITERAL_CONVERSION = YES;
				CLANG_WARN_OBJC_ROOT_CLASS = YES_ERROR;
				CLANG_WARN_QUOTED_INCLUDE_IN_FRAMEWORK_HEADER = YES;
				CLANG_WARN_RANGE_LOOP_ANALYSIS = YES;
				CLANG_WARN_STRICT_PROTOTYPES = YES;
				CLANG_WARN_SUSPICIOUS_MOVE = YES;
				CLANG_WARN_UNGUARDED_AVAILABILITY = YES_AGGRESSIVE;
				CLANG_WARN_UNREACHABLE_CODE = YES;
				CLANG_WARN__DUPLICATE_METHOD_MATCH = YES;
				COPY_PHASE_STRIP = NO;
				DEBUG_INFORMATION_FORMAT = dwarf;
				ENABLE_STRICT_OBJC_MSGSEND = YES;
				ENABLE_TESTABILITY = YES;
				GCC_C_LANGUAGE_STANDARD = gnu11;
				GCC_DYNAMIC_NO_PIC = NO;
				GCC_NO_COMMON_BLOCKS = YES;
				GCC_OPTIMIZATION_LEVEL = 0;
				GCC_PREPROCESSOR_DEFINITIONS = (
					"DEBUG=1",
					"$(inherited)",
				);
				GCC_WARN_64_TO_32_BIT_CONVERSION = YES;
				GCC_WARN_ABOUT_RETURN_TYPE = YES_ERROR;
				GCC_WARN_UNDECLARED_SELECTOR = YES;
				GCC_WARN_UNINITIALIZED_AUTOS = YES_AGGRESSIVE;
				GCC_WARN_UNUSED_FUNCTION = YES;
				GCC_WARN_UNUSED_VARIABLE = YES;
				IPHONEOS_DEPLOYMENT_TARGET = 15.4;
				MTL_ENABLE_DEBUG_INFO = INCLUDE_SOURCE;
				MTL_FAST_MATH = YES;
				ONLY_ACTIVE_ARCH = YES;
				SDKROOT = iphoneos;
				SWIFT_ACTIVE_COMPILATION_CONDITIONS = DEBUG;
				SWIFT_OPTIMIZATION_LEVEL = "-Onone";
			};
			name = Debug;
		};
		04784A3727F11336004C2D83 /* Release */ = {
			isa = XCBuildConfiguration;
			buildSettings = {
				ALWAYS_SEARCH_USER_PATHS = NO;
				CLANG_ANALYZER_NONNULL = YES;
				CLANG_ANALYZER_NUMBER_OBJECT_CONVERSION = YES_AGGRESSIVE;
				CLANG_CXX_LANGUAGE_STANDARD = "gnu++17";
				CLANG_ENABLE_MODULES = YES;
				CLANG_ENABLE_OBJC_ARC = YES;
				CLANG_ENABLE_OBJC_WEAK = YES;
				CLANG_WARN_BLOCK_CAPTURE_AUTORELEASING = YES;
				CLANG_WARN_BOOL_CONVERSION = YES;
				CLANG_WARN_COMMA = YES;
				CLANG_WARN_CONSTANT_CONVERSION = YES;
				CLANG_WARN_DEPRECATED_OBJC_IMPLEMENTATIONS = YES;
				CLANG_WARN_DIRECT_OBJC_ISA_USAGE = YES_ERROR;
				CLANG_WARN_DOCUMENTATION_COMMENTS = YES;
				CLANG_WARN_EMPTY_BODY = YES;
				CLANG_WARN_ENUM_CONVERSION = YES;
				CLANG_WARN_INFINITE_RECURSION = YES;
				CLANG_WARN_INT_CONVERSION = YES;
				CLANG_WARN_NON_LITERAL_NULL_CONVERSION = YES;
				CLANG_WARN_OBJC_IMPLICIT_RETAIN_SELF = YES;
				CLANG_WARN_OBJC_LITERAL_CONVERSION = YES;
				CLANG_WARN_OBJC_ROOT_CLASS = YES_ERROR;
				CLANG_WARN_QUOTED_INCLUDE_IN_FRAMEWORK_HEADER = YES;
				CLANG_WARN_RANGE_LOOP_ANALYSIS = YES;
				CLANG_WARN_STRICT_PROTOTYPES = YES;
				CLANG_WARN_SUSPICIOUS_MOVE = YES;
				CLANG_WARN_UNGUARDED_AVAILABILITY = YES_AGGRESSIVE;
				CLANG_WARN_UNREACHABLE_CODE = YES;
				CLANG_WARN__DUPLICATE_METHOD_MATCH = YES;
				COPY_PHASE_STRIP = NO;
				DEBUG_INFORMATION_FORMAT = "dwarf-with-dsym";
				ENABLE_NS_ASSERTIONS = NO;
				ENABLE_STRICT_OBJC_MSGSEND = YES;
				GCC_C_LANGUAGE_STANDARD = gnu11;
				GCC_NO_COMMON_BLOCKS = YES;
				GCC_WARN_64_TO_32_BIT_CONVERSION = YES;
				GCC_WARN_ABOUT_RETURN_TYPE = YES_ERROR;
				GCC_WARN_UNDECLARED_SELECTOR = YES;
				GCC_WARN_UNINITIALIZED_AUTOS = YES_AGGRESSIVE;
				GCC_WARN_UNUSED_FUNCTION = YES;
				GCC_WARN_UNUSED_VARIABLE = YES;
				IPHONEOS_DEPLOYMENT_TARGET = 15.4;
				MTL_ENABLE_DEBUG_INFO = NO;
				MTL_FAST_MATH = YES;
				SDKROOT = iphoneos;
				SWIFT_COMPILATION_MODE = wholemodule;
				SWIFT_OPTIMIZATION_LEVEL = "-O";
				VALIDATE_PRODUCT = YES;
			};
			name = Release;
		};
		04784A3927F11336004C2D83 /* Debug */ = {
			isa = XCBuildConfiguration;
			buildSettings = {
				ASSETCATALOG_COMPILER_APPICON_NAME = AppIcon;
				ASSETCATALOG_COMPILER_GLOBAL_ACCENT_COLOR_NAME = AccentColor;
				CODE_SIGN_STYLE = Automatic;
				CURRENT_PROJECT_VERSION = 1;
				DEVELOPMENT_ASSET_PATHS = "\"SwiftUI kavsoft/Preview Content\"";
				DEVELOPMENT_TEAM = 2F54VR68GM;
				ENABLE_PREVIEWS = YES;
				GENERATE_INFOPLIST_FILE = YES;
				INFOPLIST_KEY_UIApplicationSceneManifest_Generation = YES;
				INFOPLIST_KEY_UIApplicationSupportsIndirectInputEvents = YES;
				INFOPLIST_KEY_UILaunchScreen_Generation = YES;
				INFOPLIST_KEY_UISupportedInterfaceOrientations_iPad = "UIInterfaceOrientationPortrait UIInterfaceOrientationPortraitUpsideDown UIInterfaceOrientationLandscapeLeft UIInterfaceOrientationLandscapeRight";
				INFOPLIST_KEY_UISupportedInterfaceOrientations_iPhone = "UIInterfaceOrientationPortrait UIInterfaceOrientationLandscapeLeft UIInterfaceOrientationLandscapeRight";
				LD_RUNPATH_SEARCH_PATHS = (
					"$(inherited)",
					"@executable_path/Frameworks",
				);
				MARKETING_VERSION = 1.0;
				PRODUCT_BUNDLE_IDENTIFIER = "com.fomagran.SwiftUI-kavsoft";
				PRODUCT_NAME = "$(TARGET_NAME)";
				SWIFT_EMIT_LOC_STRINGS = YES;
				SWIFT_VERSION = 5.0;
				TARGETED_DEVICE_FAMILY = "1,2";
			};
			name = Debug;
		};
		04784A3A27F11336004C2D83 /* Release */ = {
			isa = XCBuildConfiguration;
			buildSettings = {
				ASSETCATALOG_COMPILER_APPICON_NAME = AppIcon;
				ASSETCATALOG_COMPILER_GLOBAL_ACCENT_COLOR_NAME = AccentColor;
				CODE_SIGN_STYLE = Automatic;
				CURRENT_PROJECT_VERSION = 1;
				DEVELOPMENT_ASSET_PATHS = "\"SwiftUI kavsoft/Preview Content\"";
				DEVELOPMENT_TEAM = 2F54VR68GM;
				ENABLE_PREVIEWS = YES;
				GENERATE_INFOPLIST_FILE = YES;
				INFOPLIST_KEY_UIApplicationSceneManifest_Generation = YES;
				INFOPLIST_KEY_UIApplicationSupportsIndirectInputEvents = YES;
				INFOPLIST_KEY_UILaunchScreen_Generation = YES;
				INFOPLIST_KEY_UISupportedInterfaceOrientations_iPad = "UIInterfaceOrientationPortrait UIInterfaceOrientationPortraitUpsideDown UIInterfaceOrientationLandscapeLeft UIInterfaceOrientationLandscapeRight";
				INFOPLIST_KEY_UISupportedInterfaceOrientations_iPhone = "UIInterfaceOrientationPortrait UIInterfaceOrientationLandscapeLeft UIInterfaceOrientationLandscapeRight";
				LD_RUNPATH_SEARCH_PATHS = (
					"$(inherited)",
					"@executable_path/Frameworks",
				);
				MARKETING_VERSION = 1.0;
				PRODUCT_BUNDLE_IDENTIFIER = "com.fomagran.SwiftUI-kavsoft";
				PRODUCT_NAME = "$(TARGET_NAME)";
				SWIFT_EMIT_LOC_STRINGS = YES;
				SWIFT_VERSION = 5.0;
				TARGETED_DEVICE_FAMILY = "1,2";
			};
			name = Release;
		};
/* End XCBuildConfiguration section */

/* Begin XCConfigurationList section */
		04784A2527F11333004C2D83 /* Build configuration list for PBXProject "SwiftUI kavsoft" */ = {
			isa = XCConfigurationList;
			buildConfigurations = (
				04784A3627F11336004C2D83 /* Debug */,
				04784A3727F11336004C2D83 /* Release */,
			);
			defaultConfigurationIsVisible = 0;
			defaultConfigurationName = Release;
		};
		04784A3827F11336004C2D83 /* Build configuration list for PBXNativeTarget "SwiftUI kavsoft" */ = {
			isa = XCConfigurationList;
			buildConfigurations = (
				04784A3927F11336004C2D83 /* Debug */,
				04784A3A27F11336004C2D83 /* Release */,
			);
			defaultConfigurationIsVisible = 0;
			defaultConfigurationName = Release;
		};
/* End XCConfigurationList section */
	};
	rootObject = 04784A2227F11333004C2D83 /* Project object */;
}
